
Microsoft Visual Studio Solution File, Format Version 12.00
# Visual Studio Version 18
VisualStudioVersion = 18.8.12105.206 oobstable
MinimumVisualStudioVersion = 10.0.40219.1
Project("{FAE04EC0-301F-11D3-BF4B-00C04F79EFBC}") = "eBuildingBlocks.API", "eBuildingBlocks.API\eBuildingBlocks.API.csproj", "{49887EF1-3AD4-45C3-85CA-7AAB39E5ED36}"
EndProject
Project("{FAE04EC0-301F-11D3-BF4B-00C04F79EFBC}") = "eBuildingBlocks.Application", "eBuildingBlocks.Application\eBuildingBlocks.Application.csproj", "{F97D1466-02E0-4AF6-B155-82B17A04C81C}"
EndProject
Project("{FAE04EC0-301F-11D3-BF4B-00C04F79EFBC}") = "eBuildingBlocks.Common", "eBuildingBlocks.Common\eBuildingBlocks.Common.csproj", "{94D30E53-45B2-46C7-8895-9E3203309129}"
EndProject
Project("{FAE04EC0-301F-11D3-BF4B-00C04F79EFBC}") = "eBuildingBlocks.Domain", "eBuildingBlocks.Domain\eBuildingBlocks.Domain.csproj", "{DB14722F-8372-44EF-927F-28B21816897F}"
EndProject
Project("{FAE04EC0-301F-11D3-BF4B-00C04F79EFBC}") = "eBuildingBlocks.EventBus", "eBuildingBlocks.EventBus\eBuildingBlocks.EventBus.csproj", "{30CDE0BD-2AC3-4298-842C-64E04E21207C}"
EndProject
Project("{FAE04EC0-301F-11D3-BF4B-00C04F79EFBC}") = "eBuildingBlocks.Infrastructure", "eBuildingBlocks.Infrastructure\eBuildingBlocks.Infrastructure.csproj", "{35B11280-2C94-4E3D-A403-7923D1B963EC}"
EndProject
Project("{FAE04EC0-301F-11D3-BF4B-00C04F79EFBC}") = "eBuildingBlocks.SMPP", "eBuildingBlocks.SMPP\eBuildingBlocks.SMPP.csproj", "{FF3EA90E-0A26-4BC2-A43A-D8A20982EFCB}"
EndProject
Project("{FAE04EC0-301F-11D3-BF4B-00C04F79EFBC}") = "eBuildingBlocks.SMPP.Example", "eBuildingBlocks.SMPP.Example\eBuildingBlocks.SMPP.Example.csproj", "{475300C6-8C1D-4169-80E8-67FAA75017C9}"
EndProject
Project("{FAE04EC0-301F-11D3-BF4B-00C04F79EFBC}") = "eBuildingBlocks.API.Example", "eBuildingBlocks.API.Example\eBuildingBlocks.API.Example.csproj", "{E281485F-F832-444C-BC05-DDD89820F3B6}"
EndProject
Project("{FAE04EC0-301F-11D3-BF4B-00C04F79EFBC}") = "eBuildingBlocks.ReferenceApp.Domain", "eBuildingBlocks.ReferenceApp.Domain\eBuildingBlocks.ReferenceApp.Domain.csproj", "{8D3765CE-5360-46A1-AD77-37F66120029E}"
EndProject
Project("{FAE04EC0-301F-11D3-BF4B-00C04F79EFBC}") = "eBuildingBlocks.ReferenceApp.Application", "eBuildingBlocks.ReferenceApp.Application\eBuildingBlocks.ReferenceApp.Application.csproj", "{EE8EEAF7-BF5C-40EE-9E94-6FD704AB68B7}"
EndProject
Project("{FAE04EC0-301F-11D3-BF4B-00C04F79EFBC}") = "eBuildingBlocks.ReferenceApp.Infrastructure", "eBuildingBlocks.ReferenceApp.Infrastructure\eBuildingBlocks.ReferenceApp.Infrastructure.csproj", "{365D6FFF-8A89-4040-AF89-D35711D782DE}"
EndProject
Project("{FAE04EC0-301F-11D3-BF4B-00C04F79EFBC}") = "eBuildingBlocks.ReferenceApp.API", "eBuildingBlocks.ReferenceApp.API\eBuildingBlocks.ReferenceApp.API.csproj", "{94340B80-A060-4819-856F-0A0A872259BE}"
EndProject
Project("{FAE04EC0-301F-11D3-BF4B-00C04F79EFBC}") = "eBuildingBlocks.Infrastructure.Tests", "eBuildingBlocks.Infrastructure.Tests\eBuildingBlocks.Infrastructure.Tests.csproj", "{6FD7E0DD-F861-4283-9613-5E547FAE6469}"
EndProject
Project("{2150E333-8FDC-42A3-9474-1A3956D46DE8}") = "docs", "docs", "{B13235DD-86CE-4E2B-ABC4-6DFFAE95CA3F}"
	ProjectSection(SolutionItems) = preProject
		docs\ARCHITECTURE_ANALYSIS.md = docs\ARCHITECTURE_ANALYSIS.md
		docs\DECOUPLING_IMPLEMENTATION_PLAN.md = docs\DECOUPLING_IMPLEMENTATION_PLAN.md
		docs\HOSTING_APP_OUTBOX.md = docs\HOSTING_APP_OUTBOX.md
		docs\MULTI_TENANCY.md = docs\MULTI_TENANCY.md
		docs\REPOSITORY_AND_UOW.md = docs\REPOSITORY_AND_UOW.md
	EndProjectSection
EndProject
Global
	GlobalSection(SolutionConfigurationPlatforms) = preSolution
		Debug|Any CPU = Debug|Any CPU
		Debug|x64 = Debug|x64
		Debug|x86 = Debug|x86
		Release|Any CPU = Release|Any CPU
		Release|x64 = Release|x64
		Release|x86 = Release|x86
	EndGlobalSection
	GlobalSection(ProjectConfigurationPlatforms) = postSolution
		{49887EF1-3AD4-45C3-85CA-7AAB39E5ED36}.Debug|Any CPU.ActiveCfg = Debug|Any CPU
		{49887EF1-3AD4-45C3-85CA-7AAB39E5ED36}.Debug|Any CPU.Build.0 = Debug|Any CPU
		{49887EF1-3AD4-45C3-85CA-7AAB39E5ED36}.Debug|x64.ActiveCfg = Debug|Any CPU
		{49887EF1-3AD4-45C3-85CA-7AAB39E5ED36}.Debug|x64.Build.0 = Debug|Any CPU
		{49887EF1-3AD4-45C3-85CA-7AAB39E5ED36}.Debug|x86.ActiveCfg = Debug|Any CPU
		{49887EF1-3AD4-45C3-85CA-7AAB39E5ED36}.Debug|x86.Build.0 = Debug|Any CPU
		{49887EF1-3AD4-45C3-85CA-7AAB39E5ED36}.Release|Any CPU.ActiveCfg = Release|Any CPU
		{49887EF1-3AD4-45C3-85CA-7AAB39E5ED36}.Release|Any CPU.Build.0 = Release|Any CPU
		{49887EF1-3AD4-45C3-85CA-7AAB39E5ED36}.Release|x64.ActiveCfg = Release|Any CPU
		{49887EF1-3AD4-45C3-85CA-7AAB39E5ED36}.Release|x64.Build.0 = Release|Any CPU
		{49887EF1-3AD4-45C3-85CA-7AAB39E5ED36}.Release|x86.ActiveCfg = Release|Any CPU
		{49887EF1-3AD4-45C3-85CA-7AAB39E5ED36}.Release|x86.Build.0 = Release|Any CPU
		{F97D1466-02E0-4AF6-B155-82B17A04C81C}.Debug|Any CPU.ActiveCfg = Debug|Any CPU
		{F97D1466-02E0-4AF6-B155-82B17A04C81C}.Debug|Any CPU.Build.0 = Debug|Any CPU
		{F97D1466-02E0-4AF6-B155-82B17A04C81C}.Debug|x64.ActiveCfg = Debug|Any CPU
		{F97D1466-02E0-4AF6-B155-82B17A04C81C}.Debug|x64.Build.0 = Debug|Any CPU
		{F97D1466-02E0-4AF6-B155-82B17A04C81C}.Debug|x86.ActiveCfg = Debug|Any CPU
		{F97D1466-02E0-4AF6-B155-82B17A04C81C}.Debug|x86.Build.0 = Debug|Any CPU
		{F97D1466-02E0-4AF6-B155-82B17A04C81C}.Release|Any CPU.ActiveCfg = Release|Any CPU
		{F97D1466-02E0-4AF6-B155-82B17A04C81C}.Release|Any CPU.Build.0 = Release|Any CPU
		{F97D1466-02E0-4AF6-B155-82B17A04C81C}.Release|x64.ActiveCfg = Release|Any CPU
		{F97D1466-02E0-4AF6-B155-82B17A04C81C}.Release|x64.Build.0 = Release|Any CPU
		{F97D1466-02E0-4AF6-B155-82B17A04C81C}.Release|x86.ActiveCfg = Release|Any CPU
		{F97D1466-02E0-4AF6-B155-82B17A04C81C}.Release|x86.Build.0 = Release|Any CPU
		{94D30E53-45B2-46C7-8895-9E3203309129}.Debug|Any CPU.ActiveCfg = Debug|Any CPU
		{94D30E53-45B2-46C7-8895-9E3203309129}.Debug|Any CPU.Build.0 = Debug|Any CPU
		{94D30E53-45B2-46C7-8895-9E3203309129}.Debug|x64.ActiveCfg = Debug|Any CPU
		{94D30E53-45B2-46C7-8895-9E3203309129}.Debug|x64.Build.0 = Debug|Any CPU
		{94D30E53-45B2-46C7-8895-9E3203309129}.Debug|x86.ActiveCfg = Debug|Any CPU
		{94D30E53-45B2-46C7-8895-9E3203309129}.Debug|x86.Build.0 = Debug|Any CPU
		{94D30E53-45B2-46C7-8895-9E3203309129}.Release|Any CPU.ActiveCfg = Release|Any CPU
		{94D30E53-45B2-46C7-8895-9E3203309129}.Release|Any CPU.Build.0 = Release|Any CPU
		{94D30E53-45B2-46C7-8895-9E3203309129}.Release|x64.ActiveCfg = Release|Any CPU
		{94D30E53-45B2-46C7-8895-9E3203309129}.Release|x64.Build.0 = Release|Any CPU
		{94D30E53-45B2-46C7-8895-9E3203309129}.Release|x86.ActiveCfg = Release|Any CPU
		{94D30E53-45B2-46C7-8895-9E3203309129}.Release|x86.Build.0 = Release|Any CPU
		{DB14722F-8372-44EF-927F-28B21816897F}.Debug|Any CPU.ActiveCfg = Debug|Any CPU
		{DB14722F-8372-44EF-927F-28B21816897F}.Debug|Any CPU.Build.0 = Debug|Any CPU
		{DB14722F-8372-44EF-927F-28B21816897F}.Debug|x64.ActiveCfg = Debug|Any CPU
		{DB14722F-8372-44EF-927F-28B21816897F}.Debug|x64.Build.0 = Debug|Any CPU
		{DB14722F-8372-44EF-927F-28B21816897F}.Debug|x86.ActiveCfg = Debug|Any CPU
		{DB14722F-8372-44EF-927F-28B21816897F}.Debug|x86.Build.0 = Debug|Any CPU
		{DB14722F-8372-44EF-927F-28B21816897F}.Release|Any CPU.ActiveCfg = Release|Any CPU
		{DB14722F-8372-44EF-927F-28B21816897F}.Release|Any CPU.Build.0 = Release|Any CPU
		{DB14722F-8372-44EF-927F-28B21816897F}.Release|x64.ActiveCfg = Release|Any CPU
		{DB14722F-8372-44EF-927F-28B21816897F}.Release|x64.Build.0 = Release|Any CPU
		{DB14722F-8372-44EF-927F-28B21816897F}.Release|x86.ActiveCfg = Release|Any CPU
		{DB14722F-8372-44EF-927F-28B21816897F}.Release|x86.Build.0 = Release|Any CPU
		{30CDE0BD-2AC3-4298-842C-64E04E21207C}.Debug|Any CPU.ActiveCfg = Debug|Any CPU
		{30CDE0BD-2AC3-4298-842C-64E04E21207C}.Debug|Any CPU.Build.0 = Debug|Any CPU
		{30CDE0BD-2AC3-4298-842C-64E04E21207C}.Debug|x64.ActiveCfg = Debug|Any CPU
		{30CDE0BD-2AC3-4298-842C-64E04E21207C}.Debug|x64.Build.0 = Debug|Any CPU
		{30CDE0BD-2AC3-4298-842C-64E04E21207C}.Debug|x86.ActiveCfg = Debug|Any CPU
		{30CDE0BD-2AC3-4298-842C-64E04E21207C}.Debug|x86.Build.0 = Debug|Any CPU
		{30CDE0BD-2AC3-4298-842C-64E04E21207C}.Release|Any CPU.ActiveCfg = Release|Any CPU
		{30CDE0BD-2AC3-4298-842C-64E04E21207C}.Release|Any CPU.Build.0 = Release|Any CPU
		{30CDE0BD-2AC3-4298-842C-64E04E21207C}.Release|x64.ActiveCfg = Release|Any CPU
		{30CDE0BD-2AC3-4298-842C-64E04E21207C}.Release|x64.Build.0 = Release|Any CPU
		{30CDE0BD-2AC3-4298-842C-64E04E21207C}.Release|x86.ActiveCfg = Release|Any CPU
		{30CDE0BD-2AC3-4298-842C-64E04E21207C}.Release|x86.Build.0 = Release|Any CPU
		{35B11280-2C94-4E3D-A403-7923D1B963EC}.Debug|Any CPU.ActiveCfg = Debug|Any CPU
		{35B11280-2C94-4E3D-A403-7923D1B963EC}.Debug|Any CPU.Build.0 = Debug|Any CPU
		{35B11280-2C94-4E3D-A403-7923D1B963EC}.Debug|x64.ActiveCfg = Debug|Any CPU
		{35B11280-2C94-4E3D-A403-7923D1B963EC}.Debug|x64.Build.0 = Debug|Any CPU
		{35B11280-2C94-4E3D-A403-7923D1B963EC}.Debug|x86.ActiveCfg = Debug|Any CPU
		{35B11280-2C94-4E3D-A403-7923D1B963EC}.Debug|x86.Build.0 = Debug|Any CPU
		{35B11280-2C94-4E3D-A403-7923D1B963EC}.Release|Any CPU.ActiveCfg = Release|Any CPU
		{35B11280-2C94-4E3D-A403-7923D1B963EC}.Release|Any CPU.Build.0 = Release|Any CPU
		{35B11280-2C94-4E3D-A403-7923D1B963EC}.Release|x64.ActiveCfg = Release|Any CPU
		{35B11280-2C94-4E3D-A403-7923D1B963EC}.Release|x64.Build.0 = Release|Any CPU
		{35B11280-2C94-4E3D-A403-7923D1B963EC}.Release|x86.ActiveCfg = Release|Any CPU
		{35B11280-2C94-4E3D-A403-7923D1B963EC}.Release|x86.Build.0 = Release|Any CPU
		{FF3EA90E-0A26-4BC2-A43A-D8A20982EFCB}.Debug|Any CPU.ActiveCfg = Debug|Any CPU
		{FF3EA90E-0A26-4BC2-A43A-D8A20982EFCB}.Debug|Any CPU.Build.0 = Debug|Any CPU
		{FF3EA90E-0A26-4BC2-A43A-D8A20982EFCB}.Debug|x64.ActiveCfg = Debug|Any CPU
		{FF3EA90E-0A26-4BC2-A43A-D8A20982EFCB}.Debug|x64.Build.0 = Debug|Any CPU
		{FF3EA90E-0A26-4BC2-A43A-D8A20982EFCB}.Debug|x86.ActiveCfg = Debug|Any CPU
		{FF3EA90E-0A26-4BC2-A43A-D8A20982EFCB}.Debug|x86.Build.0 = Debug|Any CPU
		{FF3EA90E-0A26-4BC2-A43A-D8A20982EFCB}.Release|Any CPU.ActiveCfg = Release|Any CPU
		{FF3EA90E-0A26-4BC2-A43A-D8A20982EFCB}.Release|Any CPU.Build.0 = Release|Any CPU
		{FF3EA90E-0A26-4BC2-A43A-D8A20982EFCB}.Release|x64.ActiveCfg = Release|Any CPU
		{FF3EA90E-0A26-4BC2-A43A-D8A20982EFCB}.Release|x64.Build.0 = Release|Any CPU
		{FF3EA90E-0A26-4BC2-A43A-D8A20982EFCB}.Release|x86.ActiveCfg = Release|Any CPU
		{FF3EA90E-0A26-4BC2-A43A-D8A20982EFCB}.Release|x86.Build.0 = Release|Any CPU
		{475300C6-8C1D-4169-80E8-67FAA75017C9}.Debug|Any CPU.ActiveCfg = Debug|Any CPU
		{475300C6-8C1D-4169-80E8-67FAA75017C9}.Debug|Any CPU.Build.0 = Debug|Any CPU
		{475300C6-8C1D-4169-80E8-67FAA75017C9}.Debug|x64.ActiveCfg = Debug|Any CPU
		{475300C6-8C1D-4169-80E8-67FAA75017C9}.Debug|x64.Build.0 = Debug|Any CPU
		{475300C6-8C1D-4169-80E8-67FAA75017C9}.Debug|x86.ActiveCfg = Debug|Any CPU
		{475300C6-8C1D-4169-80E8-67FAA75017C9}.Debug|x86.Build.0 = Debug|Any CPU
		{475300C6-8C1D-4169-80E8-67FAA75017C9}.Release|Any CPU.ActiveCfg = Release|Any CPU
		{475300C6-8C1D-4169-80E8-67FAA75017C9}.Release|Any CPU.Build.0 = Release|Any CPU
		{475300C6-8C1D-4169-80E8-67FAA75017C9}.Release|x64.ActiveCfg = Release|Any CPU
		{475300C6-8C1D-4169-80E8-67FAA75017C9}.Release|x64.Build.0 = Release|Any CPU
		{475300C6-8C1D-4169-80E8-67FAA75017C9}.Release|x86.ActiveCfg = Release|Any CPU
		{475300C6-8C1D-4169-80E8-67FAA75017C9}.Release|x86.Build.0 = Release|Any CPU
		{E281485F-F832-444C-BC05-DDD89820F3B6}.Debug|Any CPU.ActiveCfg = Debug|Any CPU
		{E281485F-F832-444C-BC05-DDD89820F3B6}.Debug|Any CPU.Build.0 = Debug|Any CPU
		{E281485F-F832-444C-BC05-DDD89820F3B6}.Debug|x64.ActiveCfg = Debug|Any CPU
		{E281485F-F832-444C-BC05-DDD89820F3B6}.Debug|x64.Build.0 = Debug|Any CPU
		{E281485F-F832-444C-BC05-DDD89820F3B6}.Debug|x86.ActiveCfg = Debug|Any CPU
		{E281485F-F832-444C-BC05-DDD89820F3B6}.Debug|x86.Build.0 = Debug|Any CPU
		{E281485F-F832-444C-BC05-DDD89820F3B6}.Release|Any CPU.ActiveCfg = Release|Any CPU
		{E281485F-F832-444C-BC05-DDD89820F3B6}.Release|Any CPU.Build.0 = Release|Any CPU
		{E281485F-F832-444C-BC05-DDD89820F3B6}.Release|x64.ActiveCfg = Release|Any CPU
		{E281485F-F832-444C-BC05-DDD89820F3B6}.Release|x64.Build.0 = Release|Any CPU
		{E281485F-F832-444C-BC05-DDD89820F3B6}.Release|x86.ActiveCfg = Release|Any CPU
		{E281485F-F832-444C-BC05-DDD89820F3B6}.Release|x86.Build.0 = Release|Any CPU
		{8D3765CE-5360-46A1-AD77-37F66120029E}.Debug|Any CPU.ActiveCfg = Debug|Any CPU
		{8D3765CE-5360-46A1-AD77-37F66120029E}.Debug|Any CPU.Build.0 = Debug|Any CPU
		{8D3765CE-5360-46A1-AD77-37F66120029E}.Debug|x64.ActiveCfg = Debug|Any CPU
		{8D3765CE-5360-46A1-AD77-37F66120029E}.Debug|x64.Build.0 = Debug|Any CPU
		{8D3765CE-5360-46A1-AD77-37F66120029E}.Debug|x86.ActiveCfg = Debug|Any CPU
		{8D3765CE-5360-46A1-AD77-37F66120029E}.Debug|x86.Build.0 = Debug|Any CPU
		{8D3765CE-5360-46A1-AD77-37F66120029E}.Release|Any CPU.ActiveCfg = Release|Any CPU
		{8D3765CE-5360-46A1-AD77-37F66120029E}.Release|Any CPU.Build.0 = Release|Any CPU
		{8D3765CE-5360-46A1-AD77-37F66120029E}.Release|x64.ActiveCfg = Release|Any CPU
		{8D3765CE-5360-46A1-AD77-37F66120029E}.Release|x64.Build.0 = Release|Any CPU
		{8D3765CE-5360-46A1-AD77-37F66120029E}.Release|x86.ActiveCfg = Release|Any CPU
		{8D3765CE-5360-46A1-AD77-37F66120029E}.Release|x86.Build.0 = Release|Any CPU
		{EE8EEAF7-BF5C-40EE-9E94-6FD704AB68B7}.Debug|Any CPU.ActiveCfg = Debug|Any CPU
		{EE8EEAF7-BF5C-40EE-9E94-6FD704AB68B7}.Debug|Any CPU.Build.0 = Debug|Any CPU
		{EE8EEAF7-BF5C-40EE-9E94-6FD704AB68B7}.Debug|x64.ActiveCfg = Debug|Any CPU
		{EE8EEAF7-BF5C-40EE-9E94-6FD704AB68B7}.Debug|x64.Build.0 = Debug|Any CPU
		{EE8EEAF7-BF5C-40EE-9E94-6FD704AB68B7}.Debug|x86.ActiveCfg = Debug|Any CPU
		{EE8EEAF7-BF5C-40EE-9E94-6FD704AB68B7}.Debug|x86.Build.0 = Debug|Any CPU
		{EE8EEAF7-BF5C-40EE-9E94-6FD704AB68B7}.Release|Any CPU.ActiveCfg = Release|Any CPU
		{EE8EEAF7-BF5C-40EE-9E94-6FD704AB68B7}.Release|Any CPU.Build.0 = Release|Any CPU
		{EE8EEAF7-BF5C-40EE-9E94-6FD704AB68B7}.Release|x64.ActiveCfg = Release|Any CPU
		{EE8EEAF7-BF5C-40EE-9E94-6FD704AB68B7}.Release|x64.Build.0 = Release|Any CPU
		{EE8EEAF7-BF5C-40EE-9E94-6FD704AB68B7}.Release|x86.ActiveCfg = Release|Any CPU
		{EE8EEAF7-BF5C-40EE-9E94-6FD704AB68B7}.Release|x86.Build.0 = Release|Any CPU
		{365D6FFF-8A89-4040-AF89-D35711D782DE}.Debug|Any CPU.ActiveCfg = Debug|Any CPU
		{365D6FFF-8A89-4040-AF89-D35711D782DE}.Debug|Any CPU.Build.0 = Debug|Any CPU
		{365D6FFF-8A89-4040-AF89-D35711D782DE}.Debug|x64.ActiveCfg = Debug|Any CPU
		{365D6FFF-8A89-4040-AF89-D35711D782DE}.Debug|x64.Build.0 = Debug|Any CPU
		{365D6FFF-8A89-4040-AF89-D35711D782DE}.Debug|x86.ActiveCfg = Debug|Any CPU
		{365D6FFF-8A89-4040-AF89-D35711D782DE}.Debug|x86.Build.0 = Debug|Any CPU
		{365D6FFF-8A89-4040-AF89-D35711D782DE}.Release|Any CPU.ActiveCfg = Release|Any CPU
		{365D6FFF-8A89-4040-AF89-D35711D782DE}.Release|Any CPU.Build.0 = Release|Any CPU
		{365D6FFF-8A89-4040-AF89-D35711D782DE}.Release|x64.ActiveCfg = Release|Any CPU
		{365D6FFF-8A89-4040-AF89-D35711D782DE}.Release|x64.Build.0 = Release|Any CPU
		{365D6FFF-8A89-4040-AF89-D35711D782DE}.Release|x86.ActiveCfg = Release|Any CPU
		{365D6FFF-8A89-4040-AF89-D35711D782DE}.Release|x86.Build.0 = Release|Any CPU
		{94340B80-A060-4819-856F-0A0A872259BE}.Debug|Any CPU.ActiveCfg = Debug|Any CPU
		{94340B80-A060-4819-856F-0A0A872259BE}.Debug|Any CPU.Build.0 = Debug|Any CPU
		{94340B80-A060-4819-856F-0A0A872259BE}.Debug|x64.ActiveCfg = Debug|Any CPU
		{94340B80-A060-4819-856F-0A0A872259BE}.Debug|x64.Build.0 = Debug|Any CPU
		{94340B80-A060-4819-856F-0A0A872259BE}.Debug|x86.ActiveCfg = Debug|Any CPU
		{94340B80-A060-4819-856F-0A0A872259BE}.Debug|x86.Build.0 = Debug|Any CPU
		{94340B80-A060-4819-856F-0A0A872259BE}.Release|Any CPU.ActiveCfg = Release|Any CPU
		{94340B80-A060-4819-856F-0A0A872259BE}.Release|Any CPU.Build.0 = Release|Any CPU
		{94340B80-A060-4819-856F-0A0A872259BE}.Release|x64.ActiveCfg = Release|Any CPU
		{94340B80-A060-4819-856F-0A0A872259BE}.Release|x64.Build.0 = Release|Any CPU
		{94340B80-A060-4819-856F-0A0A872259BE}.Release|x86.ActiveCfg = Release|Any CPU
		{94340B80-A060-4819-856F-0A0A872259BE}.Release|x86.Build.0 = Release|Any CPU
		{6FD7E0DD-F861-4283-9613-5E547FAE6469}.Debug|Any CPU.ActiveCfg = Debug|Any CPU
		{6FD7E0DD-F861-4283-9613-5E547FAE6469}.Debug|Any CPU.Build.0 = Debug|Any CPU
		{6FD7E0DD-F861-4283-9613-5E547FAE6469}.Debug|x64.ActiveCfg = Debug|Any CPU
		{6FD7E0DD-F861-4283-9613-5E547FAE6469}.Debug|x64.Build.0 = Debug|Any CPU
		{6FD7E0DD-F861-4283-9613-5E547FAE6469}.Debug|x86.ActiveCfg = Debug|Any CPU
		{6FD7E0DD-F861-4283-9613-5E547FAE6469}.Debug|x86.Build.0 = Debug|Any CPU
		{6FD7E0DD-F861-4283-9613-5E547FAE6469}.Release|Any CPU.ActiveCfg = Release|Any CPU
		{6FD7E0DD-F861-4283-9613-5E547FAE6469}.Release|Any CPU.Build.0 = Release|Any CPU
		{6FD7E0DD-F861-4283-9613-5E547FAE6469}.Release|x64.ActiveCfg = Release|Any CPU
		{6FD7E0DD-F861-4283-9613-5E547FAE6469}.Release|x64.Build.0 = Release|Any CPU
		{6FD7E0DD-F861-4283-9613-5E547FAE6469}.Release|x86.ActiveCfg = Release|Any CPU
		{6FD7E0DD-F861-4283-9613-5E547FAE6469}.Release|x86.Build.0 = Release|Any CPU
	EndGlobalSection
	GlobalSection(SolutionProperties) = preSolution
		HideSolutionNode = FALSE
	EndGlobalSection
	GlobalSection(ExtensibilityGlobals) = postSolution
		SolutionGuid = {8116FEFA-6C76-435F-8C2D-10F5DB0391ED}
	EndGlobalSection
EndGlobal
